
Microsoft Visual Studio Solution File, Format Version 12.00
# Visual Studio Version 17
VisualStudioVersion = 17.6.33723.286
MinimumVisualStudioVersion = 10.0.40219.1
Project("{FAE04EC0-301F-11D3-BF4B-00C04F79EFBC}") = "GrandPianosParts", "GrandPianosParts\GrandPianosParts.csproj", "{566E70B6-06DC-432D-A67A-ED86FEB45090}"
EndProject
Global
	GlobalSection(SolutionConfigurationPlatforms) = preSolution
		Debug|Any CPU = Debug|Any CPU
		Release|Any CPU = Release|Any CPU
	EndGlobalSection
	GlobalSection(ProjectConfigurationPlatforms) = postSolution
		{566E70B6-06DC-432D-A67A-ED86FEB45090}.Debug|Any CPU.ActiveCfg = Debug|Any CPU
		{566E70B6-06DC-432D-A67A-ED86FEB45090}.Debug|Any CPU.Build.0 = Debug|Any CPU
		{566E70B6-06DC-432D-A67A-ED86FEB45090}.Release|Any CPU.ActiveCfg = Release|Any CPU
		{566E70B6-06DC-432D-A67A-ED86FEB45090}.Release|Any CPU.Build.0 = Release|Any CPU
	EndGlobalSection
	GlobalSection(SolutionProperties) = preSolution
		HideSolutionNode = FALSE
	EndGlobalSection
	GlobalSection(ExtensibilityGlobals) = postSolution
		SolutionGuid = {C62A0E67-24A0-4133-848D-53D3FBD82F13}
	EndGlobalSection
EndGlobal
